
Microsoft Visual Studio Solution File, Format Version 12.00
# Visual Studio 15
VisualStudioVersion = 15.0.27130.2020
MinimumVisualStudioVersion = 10.0.40219.1
Project("{FAE04EC0-301F-11D3-BF4B-00C04F79EFBC}") = "FizzBuzzTests", "FizzBuzzTests\FizzBuzzTests.csproj", "{47C980EC-E1DC-46D5-8FAE-776D39EC9A52}"
EndProject
Project("{FAE04EC0-301F-11D3-BF4B-00C04F79EFBC}") = "FizzBuzz", "FizzBuzz\FizzBuzz.csproj", "{60B7CF1C-A17E-4CAC-B802-B5657212747B}"
EndProject
Global
	GlobalSection(SolutionConfigurationPlatforms) = preSolution
		Debug|Any CPU = Debug|Any CPU
		Release|Any CPU = Release|Any CPU
	EndGlobalSection
	GlobalSection(ProjectConfigurationPlatforms) = postSolution
		{47C980EC-E1DC-46D5-8FAE-776D39EC9A52}.Debug|Any CPU.ActiveCfg = Debug|Any CPU
		{47C980EC-E1DC-46D5-8FAE-776D39EC9A52}.Debug|Any CPU.Build.0 = Debug|Any CPU
		{47C980EC-E1DC-46D5-8FAE-776D39EC9A52}.Release|Any CPU.ActiveCfg = Release|Any CPU
		{47C980EC-E1DC-46D5-8FAE-776D39EC9A52}.Release|Any CPU.Build.0 = Release|Any CPU
		{60B7CF1C-A17E-4CAC-B802-B5657212747B}.Debug|Any CPU.ActiveCfg = Debug|Any CPU
		{60B7CF1C-A17E-4CAC-B802-B5657212747B}.Debug|Any CPU.Build.0 = Debug|Any CPU
		{60B7CF1C-A17E-4CAC-B802-B5657212747B}.Release|Any CPU.ActiveCfg = Release|Any CPU
		{60B7CF1C-A17E-4CAC-B802-B5657212747B}.Release|Any CPU.Build.0 = Release|Any CPU
	EndGlobalSection
	GlobalSection(SolutionProperties) = preSolution
		HideSolutionNode = FALSE
	EndGlobalSection
	GlobalSection(ExtensibilityGlobals) = postSolution
		SolutionGuid = {E5B21464-2029-4D91-8397-898FE6328E0A}
	EndGlobalSection
EndGlobal
